
Microsoft Visual Studio Solution File, Format Version 12.00
# Visual Studio 15
Project("{FAE04EC0-301F-11D3-BF4B-00C04F79EFBC}") = "YahooScraper", "YahooScraper\YahooScraper.csproj", "{2B531258-E11D-479E-BCFD-375721FA2C87}"
EndProject
Global
	GlobalSection(SolutionConfigurationPlatforms) = preSolution
		Debug|anycpu = Debug|anycpu
		Release|anycpu = Release|anycpu
	EndGlobalSection
	GlobalSection(ProjectConfigurationPlatforms) = postSolution
		{2B531258-E11D-479E-BCFD-375721FA2C87}.Debug|anycpu.ActiveCfg = Debug|anycpu
		{2B531258-E11D-479E-BCFD-375721FA2C87}.Debug|anycpu.Build.0 = Debug|anycpu
		{2B531258-E11D-479E-BCFD-375721FA2C87}.Release|anycpu.ActiveCfg = Release|anycpu
		{2B531258-E11D-479E-BCFD-375721FA2C87}.Release|anycpu.Build.0 = Release|anycpu
	EndGlobalSection
EndGlobal
